
Microsoft Visual Studio Solution File, Format Version 12.00
# Visual Studio 15
VisualStudioVersion = 15.0.27703.2035
MinimumVisualStudioVersion = 10.0.40219.1
Project("{FAE04EC0-301F-11D3-BF4B-00C04F79EFBC}") = "ConsoleAppRace", "ConsoleAppRace\ConsoleAppRace.csproj", "{F0A6A60D-D3A2-4E85-99DF-904947928435}"
EndProject
Global
	GlobalSection(SolutionConfigurationPlatforms) = preSolution
		Debug|Any CPU = Debug|Any CPU
		Release|Any CPU = Release|Any CPU
	EndGlobalSection
	GlobalSection(ProjectConfigurationPlatforms) = postSolution
		{F0A6A60D-D3A2-4E85-99DF-904947928435}.Debug|Any CPU.ActiveCfg = Debug|Any CPU
		{F0A6A60D-D3A2-4E85-99DF-904947928435}.Debug|Any CPU.Build.0 = Debug|Any CPU
		{F0A6A60D-D3A2-4E85-99DF-904947928435}.Release|Any CPU.ActiveCfg = Release|Any CPU
		{F0A6A60D-D3A2-4E85-99DF-904947928435}.Release|Any CPU.Build.0 = Release|Any CPU
	EndGlobalSection
	GlobalSection(SolutionProperties) = preSolution
		HideSolutionNode = FALSE
	EndGlobalSection
	GlobalSection(ExtensibilityGlobals) = postSolution
		SolutionGuid = {E216F18F-98EB-43C9-8804-7FD0EE0EB6D3}
	EndGlobalSection
EndGlobal
